
Microsoft Visual Studio Solution File, Format Version 12.00
# Visual Studio Version 17
VisualStudioVersion = 17.14.36429.23 d17.14
MinimumVisualStudioVersion = 10.0.40219.1
Project("{FAE04EC0-301F-11D3-BF4B-00C04F79EFBC}") = "Es6Recupero", "Es6Recupero.csproj", "{16CA1E7E-C681-4FC2-ABAE-598AF1A81769}"
EndProject
Global
	GlobalSection(SolutionConfigurationPlatforms) = preSolution
		Debug|Any CPU = Debug|Any CPU
		Release|Any CPU = Release|Any CPU
	EndGlobalSection
	GlobalSection(ProjectConfigurationPlatforms) = postSolution
		{16CA1E7E-C681-4FC2-ABAE-598AF1A81769}.Debug|Any CPU.ActiveCfg = Debug|Any CPU
		{16CA1E7E-C681-4FC2-ABAE-598AF1A81769}.Debug|Any CPU.Build.0 = Debug|Any CPU
		{16CA1E7E-C681-4FC2-ABAE-598AF1A81769}.Release|Any CPU.ActiveCfg = Release|Any CPU
		{16CA1E7E-C681-4FC2-ABAE-598AF1A81769}.Release|Any CPU.Build.0 = Release|Any CPU
	EndGlobalSection
	GlobalSection(SolutionProperties) = preSolution
		HideSolutionNode = FALSE
	EndGlobalSection
	GlobalSection(ExtensibilityGlobals) = postSolution
		SolutionGuid = {1079E661-DCE4-44DC-AF1C-8760AD2D0495}
	EndGlobalSection
EndGlobal
